# THIS IS AN AUTOGENERATED FILE. DO NOT EDIT THIS FILE DIRECTLY.
# yarn lockfile v1


async@^3.1.0:
  version "3.1.0"
  resolved "http://127.0.0.1:4873/async/-/async-3.1.0.tgz#42b3b12ae1b74927b5217d8c0016baaf62463772"
  integrity sha512-4vx/aaY6j/j3Lw3fbCHNWP0pPaTCew3F6F3hYyl/tHs/ndmV1q7NW9T5yuJ2XAGwdQrP+6Wu20x06U4APo/iQQ==

block-stream2@^2.0.0:
  version "2.0.0"
  resolved "http://127.0.0.1:4873/block-stream2/-/block-stream2-2.0.0.tgz#680b9d357ca8b9d5637f4ec8a41fb5968029108f"
  integrity sha512-1oI+RHHUEo64xomy1ozLgVJetFlHkIfQfJzTBQrj6xWnEMEPooeo2fZoqFjp0yzfHMBrgxwgh70tKp6T17+i3g==
  dependencies:
    readable-stream "^3.4.0"

es6-error@^4.1.1:
  version "4.1.1"
  resolved "http://127.0.0.1:4873/es6-error/-/es6-error-4.1.1.tgz#9e3af407459deed47e9a91f9b885a84eb05c561d"
  integrity sha512-Um/+FxMr9CISWh0bi5Zv0iOD+4cFh5qLeks1qhAopKVAJw3drgKbKySikp7wGhDL0HPeaja0P5ULZrxLkniUVg==

inherits@^2.0.3:
  version "2.0.4"
  resolved "http://127.0.0.1:4873/inherits/-/inherits-2.0.4.tgz#0fa2c64f932917c3433a0ded55363aae37416b7c"
  integrity sha512-k/vGaX4/Yla3WzyMCvTQOXYeIHvqOKtnqBduzTHpzpQZzAskKMhZ2K+EnBiSM9zGSoIFeMpXKxa4dYeZIQqewQ==

json-stream@^1.0.0:
  version "1.0.0"
  resolved "http://127.0.0.1:4873/json-stream/-/json-stream-1.0.0.tgz#1a3854e28d2bbeeab31cc7ddf683d2ddc5652708"
  integrity sha1-GjhU4o0rvuqzHMfd9oPS3cVlJwg=

lodash@^4.14.2:
  version "4.17.15"
  resolved "http://127.0.0.1:4873/lodash/-/lodash-4.17.15.tgz#b447f6670a0455bbfeedd11392eff330ea097548"
  integrity sha512-8xOcRHvCjnocdS5cpwXQXVzmmh5e5+saE2QGoeQmbKmRS6J3VQppPOIt0MnmE+4xlZoumy0GPG0D0MVIQbNA1A==

mime-db@1.40.0:
  version "1.40.0"
  resolved "http://127.0.0.1:4873/mime-db/-/mime-db-1.40.0.tgz#a65057e998db090f732a68f6c276d387d4126c32"
  integrity sha512-jYdeOMPy9vnxEqFRRo6ZvTZ8d9oPb+k18PKoYNYUe2stVEBPPwsln/qWzdbmaIvnhZ9v2P+CuecK+fpUfsV2mA==

mime-types@^2.1.14:
  version "2.1.24"
  resolved "http://127.0.0.1:4873/mime-types/-/mime-types-2.1.24.tgz#b6f8d0b3e951efb77dedeca194cff6d16f676f81"
  integrity sha512-WaFHS3MCl5fapm3oLxU4eYDw77IQM2ACcxQ9RIxfaC3ooc6PFuBMGZZsYpvoXS5D5QTWPieo1jjLdAm3TBP3cQ==
  dependencies:
    mime-db "1.40.0"

minimist@0.0.8:
  version "0.0.8"
  resolved "http://127.0.0.1:4873/minimist/-/minimist-0.0.8.tgz#857fcabfc3397d2625b8228262e86aa7a011b05d"
  integrity sha1-hX/Kv8M5fSYluCKCYuhqp6ARsF0=

minio@^7.0.12:
  version "7.0.12"
  resolved "http://127.0.0.1:4873/minio/-/minio-7.0.12.tgz#5dca6daefd5efa94a61c08dc6a2cce44517f3743"
  integrity sha512-mTa8bc2X1vcKwbzvNMNk/DHkuSrlfjlG3aA8IA1qihlH73XbwiloX/6skCabmDvrmmt6cx6pytaBJZmp4OMwnw==
  dependencies:
    async "^3.1.0"
    block-stream2 "^2.0.0"
    es6-error "^4.1.1"
    json-stream "^1.0.0"
    lodash "^4.14.2"
    mime-types "^2.1.14"
    mkdirp "^0.5.1"
    querystring "0.2.0"
    through2 "^3.0.1"
    xml "^1.0.0"
    xml2js "^0.4.15"

mkdirp@^0.5.1:
  version "0.5.1"
  resolved "http://127.0.0.1:4873/mkdirp/-/mkdirp-0.5.1.tgz#30057438eac6cf7f8c4767f38648d6697d75c903"
  integrity sha1-MAV0OOrGz3+MR2fzhkjWaX11yQM=
  dependencies:
    minimist "0.0.8"

querystring@0.2.0:
  version "0.2.0"
  resolved "http://127.0.0.1:4873/querystring/-/querystring-0.2.0.tgz#b209849203bb25df820da756e747005878521620"
  integrity sha1-sgmEkgO7Jd+CDadW50cAWHhSFiA=

"readable-stream@2 || 3", readable-stream@^3.4.0:
  version "3.4.0"
  resolved "http://127.0.0.1:4873/readable-stream/-/readable-stream-3.4.0.tgz#a51c26754658e0a3c21dbf59163bd45ba6f447fc"
  integrity sha512-jItXPLmrSR8jmTRmRWJXCnGJsfy85mB3Wd/uINMXA65yrnFo0cPClFIUWzo2najVNSl+mx7/4W8ttlLWJe99pQ==
  dependencies:
    inherits "^2.0.3"
    string_decoder "^1.1.1"
    util-deprecate "^1.0.1"

safe-buffer@~5.2.0:
  version "5.2.0"
  resolved "http://127.0.0.1:4873/safe-buffer/-/safe-buffer-5.2.0.tgz#b74daec49b1148f88c64b68d49b1e815c1f2f519"
  integrity sha512-fZEwUGbVl7kouZs1jCdMLdt95hdIv0ZeHg6L7qPeciMZhZ+/gdesW4wgTARkrFWEpspjEATAzUGPG8N2jJiwbg==

sax@>=0.6.0:
  version "1.2.4"
  resolved "http://127.0.0.1:4873/sax/-/sax-1.2.4.tgz#2816234e2378bddc4e5354fab5caa895df7100d9"
  integrity sha512-NqVDv9TpANUjFm0N8uM5GxL36UgKi9/atZw+x7YFnQ8ckwFGKrl4xX4yWtrey3UJm5nP1kUbnYgLopqWNSRhWw==

string_decoder@^1.1.1:
  version "1.3.0"
  resolved "http://127.0.0.1:4873/string_decoder/-/string_decoder-1.3.0.tgz#42f114594a46cf1a8e30b0a84f56c78c3edac21e"
  integrity sha512-hkRX8U1WjJFd8LsDJ2yQ/wWWxaopEsABU1XfkM8A+j0+85JAGppt16cr1Whg6KIbb4okU6Mql6BOj+uup/wKeA==
  dependencies:
    safe-buffer "~5.2.0"

through2@^3.0.1:
  version "3.0.1"
  resolved "http://127.0.0.1:4873/through2/-/through2-3.0.1.tgz#39276e713c3302edf9e388dd9c812dd3b825bd5a"
  integrity sha512-M96dvTalPT3YbYLaKaCuwu+j06D/8Jfib0o/PxbVt6Amhv3dUAtW6rTV1jPgJSBG83I/e04Y6xkVdVhSRhi0ww==
  dependencies:
    readable-stream "2 || 3"

util-deprecate@^1.0.1:
  version "1.0.2"
  resolved "http://127.0.0.1:4873/util-deprecate/-/util-deprecate-1.0.2.tgz#450d4dc9fa70de732762fbd2d4a28981419a0ccf"
  integrity sha1-RQ1Nyfpw3nMnYvvS1KKJgUGaDM8=

xml2js@^0.4.15:
  version "0.4.19"
  resolved "http://127.0.0.1:4873/xml2js/-/xml2js-0.4.19.tgz#686c20f213209e94abf0d1bcf1efaa291c7827a7"
  integrity sha512-esZnJZJOiJR9wWKMyuvSE1y6Dq5LCuJanqhxslH2bxM6duahNZ+HMpCLhBQGZkbX6xRf8x1Y2eJlgt2q3qo49Q==
  dependencies:
    sax ">=0.6.0"
    xmlbuilder "~9.0.1"

xml@^1.0.0:
  version "1.0.1"
  resolved "http://127.0.0.1:4873/xml/-/xml-1.0.1.tgz#78ba72020029c5bc87b8a81a3cfcd74b4a2fc1e5"
  integrity sha1-eLpyAgApxbyHuKgaPPzXS0ovweU=

xmlbuilder@~9.0.1:
  version "9.0.7"
  resolved "http://127.0.0.1:4873/xmlbuilder/-/xmlbuilder-9.0.7.tgz#132ee63d2ec5565c557e20f4c22df9aca686b10d"
  integrity sha1-Ey7mPS7FVlxVfiD0wi35rKaGsQ0=
